
Microsoft Visual Studio Solution File, Format Version 12.00
# Visual Studio Version 16
VisualStudioVersion = 16.0.31613.86
MinimumVisualStudioVersion = 10.0.40219.1
Project("{FAE04EC0-301F-11D3-BF4B-00C04F79EFBC}") = "Exercicio13", "Exercicio13.csproj", "{F656A4DF-ADA7-424B-81DF-3E130CDDF83A}"
EndProject
Global
	GlobalSection(SolutionConfigurationPlatforms) = preSolution
		Debug|Any CPU = Debug|Any CPU
		Release|Any CPU = Release|Any CPU
	EndGlobalSection
	GlobalSection(ProjectConfigurationPlatforms) = postSolution
		{F656A4DF-ADA7-424B-81DF-3E130CDDF83A}.Debug|Any CPU.ActiveCfg = Debug|Any CPU
		{F656A4DF-ADA7-424B-81DF-3E130CDDF83A}.Debug|Any CPU.Build.0 = Debug|Any CPU
		{F656A4DF-ADA7-424B-81DF-3E130CDDF83A}.Release|Any CPU.ActiveCfg = Release|Any CPU
		{F656A4DF-ADA7-424B-81DF-3E130CDDF83A}.Release|Any CPU.Build.0 = Release|Any CPU
	EndGlobalSection
	GlobalSection(SolutionProperties) = preSolution
		HideSolutionNode = FALSE
	EndGlobalSection
	GlobalSection(ExtensibilityGlobals) = postSolution
		SolutionGuid = {EF97F4E8-E0D2-4B7A-B28E-E53C6A3062C5}
	EndGlobalSection
EndGlobal
